// !$*UTF8*$!
{
	archiveVersion = 1;
	classes = {
	};
	objectVersion = 55;
	objects = {

/* Begin PBXBuildFile section */
		4A09D66585094B21EF3F5223 /* Pods_Pittari__macOS_.framework in Frameworks */ = {isa = PBXBuildFile; fileRef = 4B1235C795DC44CD05703072 /* Pods_Pittari__macOS_.framework */; };
		4AEF4A3A27896AE000555BC5 /* PittariApp.swift in Sources */ = {isa = PBXBuildFile; fileRef = 4AEF4A2A27896ADD00555BC5 /* PittariApp.swift */; };
		4AEF4A3B27896AE000555BC5 /* PittariApp.swift in Sources */ = {isa = PBXBuildFile; fileRef = 4AEF4A2A27896ADD00555BC5 /* PittariApp.swift */; };
		4AEF4A3C27896AE000555BC5 /* ContentView.swift in Sources */ = {isa = PBXBuildFile; fileRef = 4AEF4A2B27896ADD00555BC5 /* ContentView.swift */; };
		4AEF4A3D27896AE000555BC5 /* ContentView.swift in Sources */ = {isa = PBXBuildFile; fileRef = 4AEF4A2B27896ADD00555BC5 /* ContentView.swift */; };
		4AEF4A3E27896AE000555BC5 /* Assets.xcassets in Resources */ = {isa = PBXBuildFile; fileRef = 4AEF4A2C27896AE000555BC5 /* Assets.xcassets */; };
		4AEF4A3F27896AE000555BC5 /* Assets.xcassets in Resources */ = {isa = PBXBuildFile; fileRef = 4AEF4A2C27896AE000555BC5 /* Assets.xcassets */; };
		EAE9DD8E207F4142989B5AE9 /* Pods_Pittari__iOS_.framework in Frameworks */ = {isa = PBXBuildFile; fileRef = B5281BDD11BA5249A685561A /* Pods_Pittari__iOS_.framework */; };
/* End PBXBuildFile section */

/* Begin PBXFileReference section */
		01F5F79AFA941AC4014880D4 /* Pods-Pittari (iOS).release.xcconfig */ = {isa = PBXFileReference; includeInIndex = 1; lastKnownFileType = text.xcconfig; name = "Pods-Pittari (iOS).release.xcconfig"; path = "Target Support Files/Pods-Pittari (iOS)/Pods-Pittari (iOS).release.xcconfig"; sourceTree = "<group>"; };
		2FA2B014DB7DA7A2C11D04F3 /* Pods-Pittari (iOS).debug.xcconfig */ = {isa = PBXFileReference; includeInIndex = 1; lastKnownFileType = text.xcconfig; name = "Pods-Pittari (iOS).debug.xcconfig"; path = "Target Support Files/Pods-Pittari (iOS)/Pods-Pittari (iOS).debug.xcconfig"; sourceTree = "<group>"; };
		4AEF4A2A27896ADD00555BC5 /* PittariApp.swift */ = {isa = PBXFileReference; lastKnownFileType = sourcecode.swift; path = PittariApp.swift; sourceTree = "<group>"; };
		4AEF4A2B27896ADD00555BC5 /* ContentView.swift */ = {isa = PBXFileReference; lastKnownFileType = sourcecode.swift; path = ContentView.swift; sourceTree = "<group>"; };
		4AEF4A2C27896AE000555BC5 /* Assets.xcassets */ = {isa = PBXFileReference; lastKnownFileType = folder.assetcatalog; path = Assets.xcassets; sourceTree = "<group>"; };
		4AEF4A3127896AE000555BC5 /* Pittari.app */ = {isa = PBXFileReference; explicitFileType = wrapper.application; includeInIndex = 0; path = Pittari.app; sourceTree = BUILT_PRODUCTS_DIR; };
		4AEF4A3727896AE000555BC5 /* Pittari.app */ = {isa = PBXFileReference; explicitFileType = wrapper.application; includeInIndex = 0; path = Pittari.app; sourceTree = BUILT_PRODUCTS_DIR; };
		4AEF4A3927896AE000555BC5 /* macOS.entitlements */ = {isa = PBXFileReference; lastKnownFileType = text.plist.entitlements; path = macOS.entitlements; sourceTree = "<group>"; };
		4AEF4A4827896C6A00555BC5 /* Pittari--iOS--Info.plist */ = {isa = PBXFileReference; lastKnownFileType = text.plist; path = "Pittari--iOS--Info.plist"; sourceTree = "<group>"; };
		4B1235C795DC44CD05703072 /* Pods_Pittari__macOS_.framework */ = {isa = PBXFileReference; explicitFileType = wrapper.framework; includeInIndex = 0; path = Pods_Pittari__macOS_.framework; sourceTree = BUILT_PRODUCTS_DIR; };
		5456C1D1A6C9900F9E09ECC5 /* Pods-Pittari (macOS).release.xcconfig */ = {isa = PBXFileReference; includeInIndex = 1; lastKnownFileType = text.xcconfig; name = "Pods-Pittari (macOS).release.xcconfig"; path = "Target Support Files/Pods-Pittari (macOS)/Pods-Pittari (macOS).release.xcconfig"; sourceTree = "<group>"; };
		B5281BDD11BA5249A685561A /* Pods_Pittari__iOS_.framework */ = {isa = PBXFileReference; explicitFileType = wrapper.framework; includeInIndex = 0; path = Pods_Pittari__iOS_.framework; sourceTree = BUILT_PRODUCTS_DIR; };
		E66F062F244F771AB0882D17 /* Pods-Pittari (macOS).debug.xcconfig */ = {isa = PBXFileReference; includeInIndex = 1; lastKnownFileType = text.xcconfig; name = "Pods-Pittari (macOS).debug.xcconfig"; path = "Target Support Files/Pods-Pittari (macOS)/Pods-Pittari (macOS).debug.xcconfig"; sourceTree = "<group>"; };
/* End PBXFileReference section */

/* Begin PBXFrameworksBuildPhase section */
		4AEF4A2E27896AE000555BC5 /* Frameworks */ = {
			isa = PBXFrameworksBuildPhase;
			buildActionMask = 2147483647;
			files = (
				EAE9DD8E207F4142989B5AE9 /* Pods_Pittari__iOS_.framework in Frameworks */,
			);
			runOnlyForDeploymentPostprocessing = 0;
		};
		4AEF4A3427896AE000555BC5 /* Frameworks */ = {
			isa = PBXFrameworksBuildPhase;
			buildActionMask = 2147483647;
			files = (
				4A09D66585094B21EF3F5223 /* Pods_Pittari__macOS_.framework in Frameworks */,
			);
			runOnlyForDeploymentPostprocessing = 0;
		};
/* End PBXFrameworksBuildPhase section */

/* Begin PBXGroup section */
		4AEF4A2427896ADD00555BC5 = {
			isa = PBXGroup;
			children = (
				4AEF4A4827896C6A00555BC5 /* Pittari--iOS--Info.plist */,
				4AEF4A2927896ADD00555BC5 /* Shared */,
				4AEF4A3827896AE000555BC5 /* macOS */,
				4AEF4A3227896AE000555BC5 /* Products */,
				9C25B28C2DEFC49C9BBB86E1 /* Pods */,
				9D1E5E1204E3AA914D7D046D /* Frameworks */,
			);
			sourceTree = "<group>";
		};
		4AEF4A2927896ADD00555BC5 /* Shared */ = {
			isa = PBXGroup;
			children = (
				4AEF4A2A27896ADD00555BC5 /* PittariApp.swift */,
				4AEF4A2B27896ADD00555BC5 /* ContentView.swift */,
				4AEF4A2C27896AE000555BC5 /* Assets.xcassets */,
			);
			path = Shared;
			sourceTree = "<group>";
		};
		4AEF4A3227896AE000555BC5 /* Products */ = {
			isa = PBXGroup;
			children = (
				4AEF4A3127896AE000555BC5 /* Pittari.app */,
				4AEF4A3727896AE000555BC5 /* Pittari.app */,
			);
			name = Products;
			sourceTree = "<group>";
		};
		4AEF4A3827896AE000555BC5 /* macOS */ = {
			isa = PBXGroup;
			children = (
				4AEF4A3927896AE000555BC5 /* macOS.entitlements */,
			);
			path = macOS;
			sourceTree = "<group>";
		};
		9C25B28C2DEFC49C9BBB86E1 /* Pods */ = {
			isa = PBXGroup;
			children = (
				2FA2B014DB7DA7A2C11D04F3 /* Pods-Pittari (iOS).debug.xcconfig */,
				01F5F79AFA941AC4014880D4 /* Pods-Pittari (iOS).release.xcconfig */,
				E66F062F244F771AB0882D17 /* Pods-Pittari (macOS).debug.xcconfig */,
				5456C1D1A6C9900F9E09ECC5 /* Pods-Pittari (macOS).release.xcconfig */,
			);
			path = Pods;
			sourceTree = "<group>";
		};
		9D1E5E1204E3AA914D7D046D /* Frameworks */ = {
			isa = PBXGroup;
			children = (
				B5281BDD11BA5249A685561A /* Pods_Pittari__iOS_.framework */,
				4B1235C795DC44CD05703072 /* Pods_Pittari__macOS_.framework */,
			);
			name = Frameworks;
			sourceTree = "<group>";
		};
/* End PBXGroup section */

/* Begin PBXNativeTarget section */
		4AEF4A3027896AE000555BC5 /* Pittari (iOS) */ = {
			isa = PBXNativeTarget;
			buildConfigurationList = 4AEF4A4227896AE000555BC5 /* Build configuration list for PBXNativeTarget "Pittari (iOS)" */;
			buildPhases = (
				696DA7A5B420A2BFD5AB9ECE /* [CP] Check Pods Manifest.lock */,
				4AEF4A2D27896AE000555BC5 /* Sources */,
				4AEF4A2E27896AE000555BC5 /* Frameworks */,
				4AEF4A2F27896AE000555BC5 /* Resources */,
				A5D11B85C709F229D803350E /* [CP] Embed Pods Frameworks */,
			);
			buildRules = (
			);
			dependencies = (
			);
			name = "Pittari (iOS)";
			productName = "Pittari (iOS)";
			productReference = 4AEF4A3127896AE000555BC5 /* Pittari.app */;
			productType = "com.apple.product-type.application";
		};
		4AEF4A3627896AE000555BC5 /* Pittari (macOS) */ = {
			isa = PBXNativeTarget;
			buildConfigurationList = 4AEF4A4527896AE000555BC5 /* Build configuration list for PBXNativeTarget "Pittari (macOS)" */;
			buildPhases = (
				4411C0AE1D36CD0FC1015C97 /* [CP] Check Pods Manifest.lock */,
				4AEF4A3327896AE000555BC5 /* Sources */,
				4AEF4A3427896AE000555BC5 /* Frameworks */,
				4AEF4A3527896AE000555BC5 /* Resources */,
			);
			buildRules = (
			);
			dependencies = (
			);
			name = "Pittari (macOS)";
			productName = "Pittari (macOS)";
			productReference = 4AEF4A3727896AE000555BC5 /* Pittari.app */;
			productType = "com.apple.product-type.application";
		};
/* End PBXNativeTarget section */

/* Begin PBXProject section */
		4AEF4A2527896ADD00555BC5 /* Project object */ = {
			isa = PBXProject;
			attributes = {
				BuildIndependentTargetsInParallel = 1;
				LastSwiftUpdateCheck = 1320;
				LastUpgradeCheck = 1320;
				TargetAttributes = {
					4AEF4A3027896AE000555BC5 = {
						CreatedOnToolsVersion = 13.2.1;
					};
					4AEF4A3627896AE000555BC5 = {
						CreatedOnToolsVersion = 13.2.1;
					};
				};
			};
			buildConfigurationList = 4AEF4A2827896ADD00555BC5 /* Build configuration list for PBXProject "Pittari" */;
			compatibilityVersion = "Xcode 13.0";
			developmentRegion = en;
			hasScannedForEncodings = 0;
			knownRegions = (
				en,
				Base,
			);
			mainGroup = 4AEF4A2427896ADD00555BC5;
			productRefGroup = 4AEF4A3227896AE000555BC5 /* Products */;
			projectDirPath = "";
			projectRoot = "";
			targets = (
				4AEF4A3027896AE000555BC5 /* Pittari (iOS) */,
				4AEF4A3627896AE000555BC5 /* Pittari (macOS) */,
			);
		};
/* End PBXProject section */

/* Begin PBXResourcesBuildPhase section */
		4AEF4A2F27896AE000555BC5 /* Resources */ = {
			isa = PBXResourcesBuildPhase;
			buildActionMask = 2147483647;
			files = (
				4AEF4A3E27896AE000555BC5 /* Assets.xcassets in Resources */,
			);
			runOnlyForDeploymentPostprocessing = 0;
		};
		4AEF4A3527896AE000555BC5 /* Resources */ = {
			isa = PBXResourcesBuildPhase;
			buildActionMask = 2147483647;
			files = (
				4AEF4A3F27896AE000555BC5 /* Assets.xcassets in Resources */,
			);
			runOnlyForDeploymentPostprocessing = 0;
		};
/* End PBXResourcesBuildPhase section */

/* Begin PBXShellScriptBuildPhase section */
		4411C0AE1D36CD0FC1015C97 /* [CP] Check Pods Manifest.lock */ = {
			isa = PBXShellScriptBuildPhase;
			buildActionMask = 2147483647;
			files = (
			);
			inputFileListPaths = (
			);
			inputPaths = (
				"${PODS_PODFILE_DIR_PATH}/Podfile.lock",
				"${PODS_ROOT}/Manifest.lock",
			);
			name = "[CP] Check Pods Manifest.lock";
			outputFileListPaths = (
			);
			outputPaths = (
				"$(DERIVED_FILE_DIR)/Pods-Pittari (macOS)-checkManifestLockResult.txt",
			);
			runOnlyForDeploymentPostprocessing = 0;
			shellPath = /bin/sh;
			shellScript = "diff \"${PODS_PODFILE_DIR_PATH}/Podfile.lock\" \"${PODS_ROOT}/Manifest.lock\" > /dev/null\nif [ $? != 0 ] ; then\n    # print error to STDERR\n    echo \"error: The sandbox is not in sync with the Podfile.lock. Run 'pod install' or update your CocoaPods installation.\" >&2\n    exit 1\nfi\n# This output is used by Xcode 'outputs' to avoid re-running this script phase.\necho \"SUCCESS\" > \"${SCRIPT_OUTPUT_FILE_0}\"\n";
			showEnvVarsInLog = 0;
		};
		696DA7A5B420A2BFD5AB9ECE /* [CP] Check Pods Manifest.lock */ = {
			isa = PBXShellScriptBuildPhase;
			buildActionMask = 2147483647;
			files = (
			);
			inputFileListPaths = (
			);
			inputPaths = (
				"${PODS_PODFILE_DIR_PATH}/Podfile.lock",
				"${PODS_ROOT}/Manifest.lock",
			);
			name = "[CP] Check Pods Manifest.lock";
			outputFileListPaths = (
			);
			outputPaths = (
				"$(DERIVED_FILE_DIR)/Pods-Pittari (iOS)-checkManifestLockResult.txt",
			);
			runOnlyForDeploymentPostprocessing = 0;
			shellPath = /bin/sh;
			shellScript = "diff \"${PODS_PODFILE_DIR_PATH}/Podfile.lock\" \"${PODS_ROOT}/Manifest.lock\" > /dev/null\nif [ $? != 0 ] ; then\n    # print error to STDERR\n    echo \"error: The sandbox is not in sync with the Podfile.lock. Run 'pod install' or update your CocoaPods installation.\" >&2\n    exit 1\nfi\n# This output is used by Xcode 'outputs' to avoid re-running this script phase.\necho \"SUCCESS\" > \"${SCRIPT_OUTPUT_FILE_0}\"\n";
			showEnvVarsInLog = 0;
		};
		A5D11B85C709F229D803350E /* [CP] Embed Pods Frameworks */ = {
			isa = PBXShellScriptBuildPhase;
			buildActionMask = 2147483647;
			files = (
			);
			inputFileListPaths = (
				"${PODS_ROOT}/Target Support Files/Pods-Pittari (iOS)/Pods-Pittari (iOS)-frameworks-${CONFIGURATION}-input-files.xcfilelist",
			);
			name = "[CP] Embed Pods Frameworks";
			outputFileListPaths = (
				"${PODS_ROOT}/Target Support Files/Pods-Pittari (iOS)/Pods-Pittari (iOS)-frameworks-${CONFIGURATION}-output-files.xcfilelist",
			);
			runOnlyForDeploymentPostprocessing = 0;
			shellPath = /bin/sh;
			shellScript = "\"${PODS_ROOT}/Target Support Files/Pods-Pittari (iOS)/Pods-Pittari (iOS)-frameworks.sh\"\n";
			showEnvVarsInLog = 0;
		};
/* End PBXShellScriptBuildPhase section */

/* Begin PBXSourcesBuildPhase section */
		4AEF4A2D27896AE000555BC5 /* Sources */ = {
			isa = PBXSourcesBuildPhase;
			buildActionMask = 2147483647;
			files = (
				4AEF4A3C27896AE000555BC5 /* ContentView.swift in Sources */,
				4AEF4A3A27896AE000555BC5 /* PittariApp.swift in Sources */,
			);
			runOnlyForDeploymentPostprocessing = 0;
		};
		4AEF4A3327896AE000555BC5 /* Sources */ = {
			isa = PBXSourcesBuildPhase;
			buildActionMask = 2147483647;
			files = (
				4AEF4A3D27896AE000555BC5 /* ContentView.swift in Sources */,
				4AEF4A3B27896AE000555BC5 /* PittariApp.swift in Sources */,
			);
			runOnlyForDeploymentPostprocessing = 0;
		};
/* End PBXSourcesBuildPhase section */

/* Begin XCBuildConfiguration section */
		4AEF4A4027896AE000555BC5 /* Debug */ = {
			isa = XCBuildConfiguration;
			buildSettings = {
				ALWAYS_SEARCH_USER_PATHS = NO;
				CLANG_ANALYZER_NONNULL = YES;
				CLANG_ANALYZER_NUMBER_OBJECT_CONVERSION = YES_AGGRESSIVE;
				CLANG_CXX_LANGUAGE_STANDARD = "gnu++17";
				CLANG_CXX_LIBRARY = "libc++";
				CLANG_ENABLE_MODULES = YES;
				CLANG_ENABLE_OBJC_ARC = YES;
				CLANG_ENABLE_OBJC_WEAK = YES;
				CLANG_WARN_BLOCK_CAPTURE_AUTORELEASING = YES;
				CLANG_WARN_BOOL_CONVERSION = YES;
				CLANG_WARN_COMMA = YES;
				CLANG_WARN_CONSTANT_CONVERSION = YES;
				CLANG_WARN_DEPRECATED_OBJC_IMPLEMENTATIONS = YES;
				CLANG_WARN_DIRECT_OBJC_ISA_USAGE = YES_ERROR;
				CLANG_WARN_DOCUMENTATION_COMMENTS = YES;
				CLANG_WARN_EMPTY_BODY = YES;
				CLANG_WARN_ENUM_CONVERSION = YES;
				CLANG_WARN_INFINITE_RECURSION = YES;
				CLANG_WARN_INT_CONVERSION = YES;
				CLANG_WARN_NON_LITERAL_NULL_CONVERSION = YES;
				CLANG_WARN_OBJC_IMPLICIT_RETAIN_SELF = YES;
				CLANG_WARN_OBJC_LITERAL_CONVERSION = YES;
				CLANG_WARN_OBJC_ROOT_CLASS = YES_ERROR;
				CLANG_WARN_QUOTED_INCLUDE_IN_FRAMEWORK_HEADER = YES;
				CLANG_WARN_RANGE_LOOP_ANALYSIS = YES;
				CLANG_WARN_STRICT_PROTOTYPES = YES;
				CLANG_WARN_SUSPICIOUS_MOVE = YES;
				CLANG_WARN_UNGUARDED_AVAILABILITY = YES_AGGRESSIVE;
				CLANG_WARN_UNREACHABLE_CODE = YES;
				CLANG_WARN__DUPLICATE_METHOD_MATCH = YES;
				COPY_PHASE_STRIP = NO;
				DEBUG_INFORMATION_FORMAT = dwarf;
				ENABLE_STRICT_OBJC_MSGSEND = YES;
				ENABLE_TESTABILITY = YES;
				GCC_C_LANGUAGE_STANDARD = gnu11;
				GCC_DYNAMIC_NO_PIC = NO;
				GCC_NO_COMMON_BLOCKS = YES;
				GCC_OPTIMIZATION_LEVEL = 0;
				GCC_PREPROCESSOR_DEFINITIONS = (
					"DEBUG=1",
					"$(inherited)",
				);
				GCC_WARN_64_TO_32_BIT_CONVERSION = YES;
				GCC_WARN_ABOUT_RETURN_TYPE = YES_ERROR;
				GCC_WARN_UNDECLARED_SELECTOR = YES;
				GCC_WARN_UNINITIALIZED_AUTOS = YES_AGGRESSIVE;
				GCC_WARN_UNUSED_FUNCTION = YES;
				GCC_WARN_UNUSED_VARIABLE = YES;
				MTL_ENABLE_DEBUG_INFO = INCLUDE_SOURCE;
				MTL_FAST_MATH = YES;
				ONLY_ACTIVE_ARCH = YES;
				SWIFT_ACTIVE_COMPILATION_CONDITIONS = DEBUG;
				SWIFT_OPTIMIZATION_LEVEL = "-Onone";
			};
			name = Debug;
		};
		4AEF4A4127896AE000555BC5 /* Release */ = {
			isa = XCBuildConfiguration;
			buildSettings = {
				ALWAYS_SEARCH_USER_PATHS = NO;
				CLANG_ANALYZER_NONNULL = YES;
				CLANG_ANALYZER_NUMBER_OBJECT_CONVERSION = YES_AGGRESSIVE;
				CLANG_CXX_LANGUAGE_STANDARD = "gnu++17";
				CLANG_CXX_LIBRARY = "libc++";
				CLANG_ENABLE_MODULES = YES;
				CLANG_ENABLE_OBJC_ARC = YES;
				CLANG_ENABLE_OBJC_WEAK = YES;
				CLANG_WARN_BLOCK_CAPTURE_AUTORELEASING = YES;
				CLANG_WARN_BOOL_CONVERSION = YES;
				CLANG_WARN_COMMA = YES;
				CLANG_WARN_CONSTANT_CONVERSION = YES;
				CLANG_WARN_DEPRECATED_OBJC_IMPLEMENTATIONS = YES;
				CLANG_WARN_DIRECT_OBJC_ISA_USAGE = YES_ERROR;
				CLANG_WARN_DOCUMENTATION_COMMENTS = YES;
				CLANG_WARN_EMPTY_BODY = YES;
				CLANG_WARN_ENUM_CONVERSION = YES;
				CLANG_WARN_INFINITE_RECURSION = YES;
				CLANG_WARN_INT_CONVERSION = YES;
				CLANG_WARN_NON_LITERAL_NULL_CONVERSION = YES;
				CLANG_WARN_OBJC_IMPLICIT_RETAIN_SELF = YES;
				CLANG_WARN_OBJC_LITERAL_CONVERSION = YES;
				CLANG_WARN_OBJC_ROOT_CLASS = YES_ERROR;
				CLANG_WARN_QUOTED_INCLUDE_IN_FRAMEWORK_HEADER = YES;
				CLANG_WARN_RANGE_LOOP_ANALYSIS = YES;
				CLANG_WARN_STRICT_PROTOTYPES = YES;
				CLANG_WARN_SUSPICIOUS_MOVE = YES;
				CLANG_WARN_UNGUARDED_AVAILABILITY = YES_AGGRESSIVE;
				CLANG_WARN_UNREACHABLE_CODE = YES;
				CLANG_WARN__DUPLICATE_METHOD_MATCH = YES;
				COPY_PHASE_STRIP = NO;
				DEBUG_INFORMATION_FORMAT = "dwarf-with-dsym";
				ENABLE_NS_ASSERTIONS = NO;
				ENABLE_STRICT_OBJC_MSGSEND = YES;
				GCC_C_LANGUAGE_STANDARD = gnu11;
				GCC_NO_COMMON_BLOCKS = YES;
				GCC_WARN_64_TO_32_BIT_CONVERSION = YES;
				GCC_WARN_ABOUT_RETURN_TYPE = YES_ERROR;
				GCC_WARN_UNDECLARED_SELECTOR = YES;
				GCC_WARN_UNINITIALIZED_AUTOS = YES_AGGRESSIVE;
				GCC_WARN_UNUSED_FUNCTION = YES;
				GCC_WARN_UNUSED_VARIABLE = YES;
				MTL_ENABLE_DEBUG_INFO = NO;
				MTL_FAST_MATH = YES;
				SWIFT_COMPILATION_MODE = wholemodule;
				SWIFT_OPTIMIZATION_LEVEL = "-O";
			};
			name = Release;
		};
		4AEF4A4327896AE000555BC5 /* Debug */ = {
			isa = XCBuildConfiguration;
			baseConfigurationReference = 2FA2B014DB7DA7A2C11D04F3 /* Pods-Pittari (iOS).debug.xcconfig */;
			buildSettings = {
				ASSETCATALOG_COMPILER_APPICON_NAME = AppIcon;
				ASSETCATALOG_COMPILER_GLOBAL_ACCENT_COLOR_NAME = AccentColor;
				CODE_SIGN_STYLE = Automatic;
				CURRENT_PROJECT_VERSION = 1;
				DEVELOPMENT_TEAM = TGPVYURU8B;
				ENABLE_PREVIEWS = YES;
				GENERATE_INFOPLIST_FILE = YES;
				INFOPLIST_FILE = "Pittari--iOS--Info.plist";
				INFOPLIST_KEY_CFBundleDisplayName = Pittari;
				INFOPLIST_KEY_UIApplicationSceneManifest_Generation = YES;
				INFOPLIST_KEY_UIApplicationSupportsIndirectInputEvents = YES;
				INFOPLIST_KEY_UILaunchScreen_Generation = YES;
				INFOPLIST_KEY_UISupportedInterfaceOrientations_iPad = "UIInterfaceOrientationPortrait UIInterfaceOrientationPortraitUpsideDown UIInterfaceOrientationLandscapeLeft UIInterfaceOrientationLandscapeRight";
				INFOPLIST_KEY_UISupportedInterfaceOrientations_iPhone = "UIInterfaceOrientationPortrait UIInterfaceOrientationLandscapeLeft UIInterfaceOrientationLandscapeRight";
				IPHONEOS_DEPLOYMENT_TARGET = 15.0;
				LD_RUNPATH_SEARCH_PATHS = (
					"$(inherited)",
					"@executable_path/Frameworks",
				);
				MARKETING_VERSION = 1.0;
				PRODUCT_BUNDLE_IDENTIFIER = com.haya.pittari.Pittari;
				PRODUCT_NAME = Pittari;
				SDKROOT = iphoneos;
				SWIFT_EMIT_LOC_STRINGS = YES;
				SWIFT_VERSION = 5.0;
				TARGETED_DEVICE_FAMILY = 1;
			};
			name = Debug;
		};
		4AEF4A4427896AE000555BC5 /* Release */ = {
			isa = XCBuildConfiguration;
			baseConfigurationReference = 01F5F79AFA941AC4014880D4 /* Pods-Pittari (iOS).release.xcconfig */;
			buildSettings = {
				ASSETCATALOG_COMPILER_APPICON_NAME = AppIcon;
				ASSETCATALOG_COMPILER_GLOBAL_ACCENT_COLOR_NAME = AccentColor;
				CODE_SIGN_STYLE = Automatic;
				CURRENT_PROJECT_VERSION = 1;
				DEVELOPMENT_TEAM = TGPVYURU8B;
				ENABLE_PREVIEWS = YES;
				GENERATE_INFOPLIST_FILE = YES;
				INFOPLIST_FILE = "Pittari--iOS--Info.plist";
				INFOPLIST_KEY_CFBundleDisplayName = Pittari;
				INFOPLIST_KEY_UIApplicationSceneManifest_Generation = YES;
				INFOPLIST_KEY_UIApplicationSupportsIndirectInputEvents = YES;
				INFOPLIST_KEY_UILaunchScreen_Generation = YES;
				INFOPLIST_KEY_UISupportedInterfaceOrientations_iPad = "UIInterfaceOrientationPortrait UIInterfaceOrientationPortraitUpsideDown UIInterfaceOrientationLandscapeLeft UIInterfaceOrientationLandscapeRight";
				INFOPLIST_KEY_UISupportedInterfaceOrientations_iPhone = "UIInterfaceOrientationPortrait UIInterfaceOrientationLandscapeLeft UIInterfaceOrientationLandscapeRight";
				IPHONEOS_DEPLOYMENT_TARGET = 15.0;
				LD_RUNPATH_SEARCH_PATHS = (
					"$(inherited)",
					"@executable_path/Frameworks",
				);
				MARKETING_VERSION = 1.0;
				PRODUCT_BUNDLE_IDENTIFIER = com.haya.pittari.Pittari;
				PRODUCT_NAME = Pittari;
				SDKROOT = iphoneos;
				SWIFT_EMIT_LOC_STRINGS = YES;
				SWIFT_VERSION = 5.0;
				TARGETED_DEVICE_FAMILY = 1;
				VALIDATE_PRODUCT = YES;
			};
			name = Release;
		};
		4AEF4A4627896AE000555BC5 /* Debug */ = {
			isa = XCBuildConfiguration;
			baseConfigurationReference = E66F062F244F771AB0882D17 /* Pods-Pittari (macOS).debug.xcconfig */;
			buildSettings = {
				ASSETCATALOG_COMPILER_APPICON_NAME = AppIcon;
				ASSETCATALOG_COMPILER_GLOBAL_ACCENT_COLOR_NAME = AccentColor;
				CODE_SIGN_ENTITLEMENTS = macOS/macOS.entitlements;
				CODE_SIGN_STYLE = Automatic;
				COMBINE_HIDPI_IMAGES = YES;
				CURRENT_PROJECT_VERSION = 1;
				DEVELOPMENT_TEAM = TGPVYURU8B;
				ENABLE_HARDENED_RUNTIME = YES;
				ENABLE_PREVIEWS = YES;
				GENERATE_INFOPLIST_FILE = YES;
				INFOPLIST_KEY_NSHumanReadableCopyright = "";
				LD_RUNPATH_SEARCH_PATHS = (
					"$(inherited)",
					"@executable_path/../Frameworks",
				);
				MACOSX_DEPLOYMENT_TARGET = 11.6;
				MARKETING_VERSION = 1.0;
				PRODUCT_BUNDLE_IDENTIFIER = com.haya.pittari.Pittari;
				PRODUCT_NAME = Pittari;
				SDKROOT = macosx;
				SWIFT_EMIT_LOC_STRINGS = YES;
				SWIFT_VERSION = 5.0;
			};
			name = Debug;
		};
		4AEF4A4727896AE000555BC5 /* Release */ = {
			isa = XCBuildConfiguration;
			baseConfigurationReference = 5456C1D1A6C9900F9E09ECC5 /* Pods-Pittari (macOS).release.xcconfig */;
			buildSettings = {
				ASSETCATALOG_COMPILER_APPICON_NAME = AppIcon;
				ASSETCATALOG_COMPILER_GLOBAL_ACCENT_COLOR_NAME = AccentColor;
				CODE_SIGN_ENTITLEMENTS = macOS/macOS.entitlements;
				CODE_SIGN_STYLE = Automatic;
				COMBINE_HIDPI_IMAGES = YES;
				CURRENT_PROJECT_VERSION = 1;
				DEVELOPMENT_TEAM = TGPVYURU8B;
				ENABLE_HARDENED_RUNTIME = YES;
				ENABLE_PREVIEWS = YES;
				GENERATE_INFOPLIST_FILE = YES;
				INFOPLIST_KEY_NSHumanReadableCopyright = "";
				LD_RUNPATH_SEARCH_PATHS = (
					"$(inherited)",
					"@executable_path/../Frameworks",
				);
				MACOSX_DEPLOYMENT_TARGET = 11.6;
				MARKETING_VERSION = 1.0;
				PRODUCT_BUNDLE_IDENTIFIER = com.haya.pittari.Pittari;
				PRODUCT_NAME = Pittari;
				SDKROOT = macosx;
				SWIFT_EMIT_LOC_STRINGS = YES;
				SWIFT_VERSION = 5.0;
			};
			name = Release;
		};
/* End XCBuildConfiguration section */

/* Begin XCConfigurationList section */
		4AEF4A2827896ADD00555BC5 /* Build configuration list for PBXProject "Pittari" */ = {
			isa = XCConfigurationList;
			buildConfigurations = (
				4AEF4A4027896AE000555BC5 /* Debug */,
				4AEF4A4127896AE000555BC5 /* Release */,
			);
			defaultConfigurationIsVisible = 0;
			defaultConfigurationName = Release;
		};
		4AEF4A4227896AE000555BC5 /* Build configuration list for PBXNativeTarget "Pittari (iOS)" */ = {
			isa = XCConfigurationList;
			buildConfigurations = (
				4AEF4A4327896AE000555BC5 /* Debug */,
				4AEF4A4427896AE000555BC5 /* Release */,
			);
			defaultConfigurationIsVisible = 0;
			defaultConfigurationName = Release;
		};
		4AEF4A4527896AE000555BC5 /* Build configuration list for PBXNativeTarget "Pittari (macOS)" */ = {
			isa = XCConfigurationList;
			buildConfigurations = (
				4AEF4A4627896AE000555BC5 /* Debug */,
				4AEF4A4727896AE000555BC5 /* Release */,
			);
			defaultConfigurationIsVisible = 0;
			defaultConfigurationName = Release;
		};
/* End XCConfigurationList section */
	};
	rootObject = 4AEF4A2527896ADD00555BC5 /* Project object */;
}
